
Microsoft Visual Studio Solution File, Format Version 12.00
# Visual Studio Version 17
VisualStudioVersion = 17.14.36414.22
MinimumVisualStudioVersion = 10.0.40219.1
Project("{FAE04EC0-301F-11D3-BF4B-00C04F79EFBC}") = "reports_services.api", "reports_services.api\reports_services.api.csproj", "{404EAA24-86D5-49C5-A5BF-C2B37070313C}"
EndProject
Project("{FAE04EC0-301F-11D3-BF4B-00C04F79EFBC}") = "reports_services.domain", "reports_services.domain\reports_services.domain.csproj", "{C991E39F-7A6F-41BA-BEDA-F833A3889FA4}"
EndProject
Project("{FAE04EC0-301F-11D3-BF4B-00C04F79EFBC}") = "reports_services.application", "reports_services.application\reports_services.application.csproj", "{18CA95F4-F5E8-43B6-818B-33A5A8EDD95B}"
EndProject
Project("{FAE04EC0-301F-11D3-BF4B-00C04F79EFBC}") = "reports_services.infrastructure", "reports_services.infrastructure\reports_services.infrastructure.csproj", "{AAAAC565-2A94-48A4-AF2E-DE9F99F6FB92}"
EndProject
Project("{FAE04EC0-301F-11D3-BF4B-00C04F79EFBC}") = "reports_services.api.Tests", "tests\reports_services.api.Tests\reports_services.api.Tests.csproj", "{4050036F-79BF-4103-9CDF-271FF25C7CFF}"
EndProject
Project("{FAE04EC0-301F-11D3-BF4B-00C04F79EFBC}") = "reports_services.application.Tests", "tests\reports_services.application.Tests\reports_services.application.Tests.csproj", "{47829BEF-6FCE-4138-9B36-D581ABCB2DCE}"
EndProject
Project("{FAE04EC0-301F-11D3-BF4B-00C04F79EFBC}") = "reports_services.infrastructure.Tests", "tests\reports_services.infrastructure.Tests\reports_services.infrastructure.Tests.csproj", "{ACF5054A-96F6-4AF5-96DF-66F676E03DA6}"
EndProject
Global
	GlobalSection(SolutionConfigurationPlatforms) = preSolution
		Debug|Any CPU = Debug|Any CPU
		Release|Any CPU = Release|Any CPU
	EndGlobalSection
	GlobalSection(ProjectConfigurationPlatforms) = postSolution
		{404EAA24-86D5-49C5-A5BF-C2B37070313C}.Debug|Any CPU.ActiveCfg = Debug|Any CPU
		{404EAA24-86D5-49C5-A5BF-C2B37070313C}.Debug|Any CPU.Build.0 = Debug|Any CPU
		{404EAA24-86D5-49C5-A5BF-C2B37070313C}.Release|Any CPU.ActiveCfg = Release|Any CPU
		{404EAA24-86D5-49C5-A5BF-C2B37070313C}.Release|Any CPU.Build.0 = Release|Any CPU
		{C991E39F-7A6F-41BA-BEDA-F833A3889FA4}.Debug|Any CPU.ActiveCfg = Debug|Any CPU
		{C991E39F-7A6F-41BA-BEDA-F833A3889FA4}.Debug|Any CPU.Build.0 = Debug|Any CPU
		{C991E39F-7A6F-41BA-BEDA-F833A3889FA4}.Release|Any CPU.ActiveCfg = Release|Any CPU
		{C991E39F-7A6F-41BA-BEDA-F833A3889FA4}.Release|Any CPU.Build.0 = Release|Any CPU
		{18CA95F4-F5E8-43B6-818B-33A5A8EDD95B}.Debug|Any CPU.ActiveCfg = Debug|Any CPU
		{18CA95F4-F5E8-43B6-818B-33A5A8EDD95B}.Debug|Any CPU.Build.0 = Debug|Any CPU
		{18CA95F4-F5E8-43B6-818B-33A5A8EDD95B}.Release|Any CPU.ActiveCfg = Release|Any CPU
		{18CA95F4-F5E8-43B6-818B-33A5A8EDD95B}.Release|Any CPU.Build.0 = Release|Any CPU
		{AAAAC565-2A94-48A4-AF2E-DE9F99F6FB92}.Debug|Any CPU.ActiveCfg = Debug|Any CPU
		{AAAAC565-2A94-48A4-AF2E-DE9F99F6FB92}.Debug|Any CPU.Build.0 = Debug|Any CPU
		{AAAAC565-2A94-48A4-AF2E-DE9F99F6FB92}.Release|Any CPU.ActiveCfg = Release|Any CPU
		{AAAAC565-2A94-48A4-AF2E-DE9F99F6FB92}.Release|Any CPU.Build.0 = Release|Any CPU
		{4050036F-79BF-4103-9CDF-271FF25C7CFF}.Debug|Any CPU.ActiveCfg = Debug|Any CPU
		{4050036F-79BF-4103-9CDF-271FF25C7CFF}.Debug|Any CPU.Build.0 = Debug|Any CPU
		{4050036F-79BF-4103-9CDF-271FF25C7CFF}.Release|Any CPU.ActiveCfg = Release|Any CPU
		{4050036F-79BF-4103-9CDF-271FF25C7CFF}.Release|Any CPU.Build.0 = Release|Any CPU
		{47829BEF-6FCE-4138-9B36-D581ABCB2DCE}.Debug|Any CPU.ActiveCfg = Debug|Any CPU
		{47829BEF-6FCE-4138-9B36-D581ABCB2DCE}.Debug|Any CPU.Build.0 = Debug|Any CPU
		{47829BEF-6FCE-4138-9B36-D581ABCB2DCE}.Release|Any CPU.ActiveCfg = Release|Any CPU
		{47829BEF-6FCE-4138-9B36-D581ABCB2DCE}.Release|Any CPU.Build.0 = Release|Any CPU
		{ACF5054A-96F6-4AF5-96DF-66F676E03DA6}.Debug|Any CPU.ActiveCfg = Debug|Any CPU
		{ACF5054A-96F6-4AF5-96DF-66F676E03DA6}.Debug|Any CPU.Build.0 = Debug|Any CPU
		{ACF5054A-96F6-4AF5-96DF-66F676E03DA6}.Release|Any CPU.ActiveCfg = Release|Any CPU
		{ACF5054A-96F6-4AF5-96DF-66F676E03DA6}.Release|Any CPU.Build.0 = Release|Any CPU
	EndGlobalSection
	GlobalSection(SolutionProperties) = preSolution
		HideSolutionNode = FALSE
	EndGlobalSection
	GlobalSection(ExtensibilityGlobals) = postSolution
		SolutionGuid = {10DFD95C-04BA-42D9-BC51-24A48B5EA0A7}
	EndGlobalSection
EndGlobal
